
Microsoft Visual Studio Solution File, Format Version 12.00
# Visual Studio 15
VisualStudioVersion = 15.0.27004.2010
MinimumVisualStudioVersion = 10.0.40219.1
Project("{9092AA53-FB77-4645-B42D-1CCCA6BD08BD}") = "FoodStore", "FoodStore\FoodStore.njsproj", "{0F026CEB-4CC0-48AE-A0E2-AB3857B9A4CF}"
EndProject
Global
	GlobalSection(SolutionConfigurationPlatforms) = preSolution
		Debug|Any CPU = Debug|Any CPU
		Release|Any CPU = Release|Any CPU
	EndGlobalSection
	GlobalSection(ProjectConfigurationPlatforms) = postSolution
		{0F026CEB-4CC0-48AE-A0E2-AB3857B9A4CF}.Debug|Any CPU.ActiveCfg = Debug|Any CPU
		{0F026CEB-4CC0-48AE-A0E2-AB3857B9A4CF}.Debug|Any CPU.Build.0 = Debug|Any CPU
		{0F026CEB-4CC0-48AE-A0E2-AB3857B9A4CF}.Release|Any CPU.ActiveCfg = Release|Any CPU
		{0F026CEB-4CC0-48AE-A0E2-AB3857B9A4CF}.Release|Any CPU.Build.0 = Release|Any CPU
	EndGlobalSection
	GlobalSection(SolutionProperties) = preSolution
		HideSolutionNode = FALSE
	EndGlobalSection
	GlobalSection(ExtensibilityGlobals) = postSolution
		SolutionGuid = {1FEAACA4-70A4-4C06-9FBB-3E61723DCC86}
	EndGlobalSection
EndGlobal
